
Microsoft Visual Studio Solution File, Format Version 12.00
# Visual Studio Version 16
VisualStudioVersion = 16.0.30717.126
MinimumVisualStudioVersion = 10.0.40219.1
Project("{9A19103F-16F7-4668-BE54-9A1E7A4F7556}") = "PROJEKTPOPRAWA", "PROJEKTPOPRAWA\PROJEKTPOPRAWA.csproj", "{4F3CFE0B-15D0-4164-89BC-9A71B9BFBC97}"
EndProject
Project("{FAE04EC0-301F-11D3-BF4B-00C04F79EFBC}") = "PROJEKTPOPRAWA.UnitTests", "PROJEKTPOPRAWA.UnitTests\PROJEKTPOPRAWA.UnitTests.csproj", "{31E37ED9-6EF7-4E76-B131-C9E49358070B}"
EndProject
Global
	GlobalSection(SolutionConfigurationPlatforms) = preSolution
		Debug|Any CPU = Debug|Any CPU
		Release|Any CPU = Release|Any CPU
	EndGlobalSection
	GlobalSection(ProjectConfigurationPlatforms) = postSolution
		{4F3CFE0B-15D0-4164-89BC-9A71B9BFBC97}.Debug|Any CPU.ActiveCfg = Debug|Any CPU
		{4F3CFE0B-15D0-4164-89BC-9A71B9BFBC97}.Debug|Any CPU.Build.0 = Debug|Any CPU
		{4F3CFE0B-15D0-4164-89BC-9A71B9BFBC97}.Release|Any CPU.ActiveCfg = Release|Any CPU
		{4F3CFE0B-15D0-4164-89BC-9A71B9BFBC97}.Release|Any CPU.Build.0 = Release|Any CPU
		{31E37ED9-6EF7-4E76-B131-C9E49358070B}.Debug|Any CPU.ActiveCfg = Debug|Any CPU
		{31E37ED9-6EF7-4E76-B131-C9E49358070B}.Debug|Any CPU.Build.0 = Debug|Any CPU
		{31E37ED9-6EF7-4E76-B131-C9E49358070B}.Release|Any CPU.ActiveCfg = Release|Any CPU
		{31E37ED9-6EF7-4E76-B131-C9E49358070B}.Release|Any CPU.Build.0 = Release|Any CPU
	EndGlobalSection
	GlobalSection(SolutionProperties) = preSolution
		HideSolutionNode = FALSE
	EndGlobalSection
	GlobalSection(ExtensibilityGlobals) = postSolution
		SolutionGuid = {A494D261-9BB3-48FE-BD8B-540D18EEE6CF}
	EndGlobalSection
EndGlobal
